{
  "nodes": {
    "agenix": {
      "inputs": {
        "darwin": "darwin",
        "home-manager": "home-manager",
        "nixpkgs": "nixpkgs",
        "systems": "systems"
      },
      "locked": {
        "lastModified": 1736955230,
        "narHash": "sha256-uenf8fv2eG5bKM8C/UvFaiJMZ4IpUFaQxk9OH5t/1gA=",
        "owner": "ryantm",
        "repo": "agenix",
        "rev": "e600439ec4c273cf11e06fe4d9d906fb98fa097c",
        "type": "github"
      },
      "original": {
        "owner": "ryantm",
        "repo": "agenix",
        "type": "github"
      }
    },
    "blueprint": {
      "inputs": {
        "nixpkgs": [
          "nixpkgs"
        ],
        "systems": "systems_2"
      },
      "locked": {
        "lastModified": 1737728850,
        "narHash": "sha256-vzDmgZ1kabldBXqRKmOWBUkQ3mhrthnlZKagNhpi6Gg=",
        "owner": "numtide",
        "repo": "blueprint",
        "rev": "d9d31d08528233f08f1040b0495ca9e53943314a",
        "type": "github"
      },
      "original": {
        "owner": "numtide",
        "repo": "blueprint",
        "type": "github"
      }
    },
    "brew-src": {
      "flake": false,
      "locked": {
        "lastModified": 1731323744,
        "narHash": "sha256-SxUQm4cTHcaoPQHoXe26ZV8cZiMWBGow8MjE4L+MckM=",
        "owner": "Homebrew",
        "repo": "brew",
        "rev": "254bf3fe9d8fa2e1b2fb55dbcf535b2d870180c4",
        "type": "github"
      },
      "original": {
        "owner": "Homebrew",
        "ref": "4.4.5",
        "repo": "brew",
        "type": "github"
      }
    },
    "catppuccin": {
      "inputs": {
        "nixpkgs": "nixpkgs_2"
      },
      "locked": {
        "lastModified": 1737579274,
        "narHash": "sha256-8kBIYfn8TI9jbffhDNS12SdbQHb9ITXflwcgIJBeGqw=",
        "owner": "catppuccin",
        "repo": "nix",
        "rev": "06f0ea19334bcc8112e6d671fd53e61f9e3ad63a",
        "type": "github"
      },
      "original": {
        "owner": "catppuccin",
        "repo": "nix",
        "type": "github"
      }
    },
    "darwin": {
      "inputs": {
        "nixpkgs": [
          "agenix",
          "nixpkgs"
        ]
      },
      "locked": {
        "lastModified": 1700795494,
        "narHash": "sha256-gzGLZSiOhf155FW7262kdHo2YDeugp3VuIFb4/GGng0=",
        "owner": "lnl7",
        "repo": "nix-darwin",
        "rev": "4b9b83d5a92e8c1fbfd8eb27eda375908c11ec4d",
        "type": "github"
      },
      "original": {
        "owner": "lnl7",
        "ref": "master",
        "repo": "nix-darwin",
        "type": "github"
      }
    },
    "disko": {
      "inputs": {
        "nixpkgs": [
          "nixpkgs"
        ]
      },
      "locked": {
        "lastModified": 1737038063,
        "narHash": "sha256-rMEuiK69MDhjz1JgbaeQ9mBDXMJ2/P8vmOYRbFndXsk=",
        "owner": "nix-community",
        "repo": "disko",
        "rev": "bf0abfde48f469c256f2b0f481c6281ff04a5db2",
        "type": "github"
      },
      "original": {
        "owner": "nix-community",
        "repo": "disko",
        "type": "github"
      }
    },
    "home-manager": {
      "inputs": {
        "nixpkgs": [
          "agenix",
          "nixpkgs"
        ]
      },
      "locked": {
        "lastModified": 1703113217,
        "narHash": "sha256-7ulcXOk63TIT2lVDSExj7XzFx09LpdSAPtvgtM7yQPE=",
        "owner": "nix-community",
        "repo": "home-manager",
        "rev": "3bfaacf46133c037bb356193bd2f1765d9dc82c1",
        "type": "github"
      },
      "original": {
        "owner": "nix-community",
        "repo": "home-manager",
        "type": "github"
      }
    },
    "home-manager_2": {
      "inputs": {
        "nixpkgs": [
          "nixpkgs"
        ]
      },
      "locked": {
        "lastModified": 1737762889,
        "narHash": "sha256-5HGG09bh/Yx0JA8wtBMAzt0HMCL1bYZ93x4IqzVExio=",
        "owner": "nix-community",
        "repo": "home-manager",
        "rev": "daf04c5950b676f47a794300657f1d3d14c1a120",
        "type": "github"
      },
      "original": {
        "owner": "nix-community",
        "repo": "home-manager",
        "type": "github"
      }
    },
    "homebrew-bundle": {
      "flake": false,
      "locked": {
        "lastModified": 1737709977,
        "narHash": "sha256-DvsRUJfrkseHj8mYhh1Zc8EyGX31A4MV0o8Vjlx6egU=",
        "owner": "homebrew",
        "repo": "homebrew-bundle",
        "rev": "ef706d4b71a7a63ca6b50c5c2093e19594d2e024",
        "type": "github"
      },
      "original": {
        "owner": "homebrew",
        "repo": "homebrew-bundle",
        "type": "github"
      }
    },
    "homebrew-cask": {
      "flake": false,
      "locked": {
        "lastModified": 1737824724,
        "narHash": "sha256-eLwBRiaFuzCrsqLD/2wnQZEXECQS6w5oF+Inc65WaJw=",
        "owner": "homebrew",
        "repo": "homebrew-cask",
        "rev": "c705c613a6e0ac6b90f3ce768312c6721842c6b4",
        "type": "github"
      },
      "original": {
        "owner": "homebrew",
        "repo": "homebrew-cask",
        "type": "github"
      }
    },
    "homebrew-core": {
      "flake": false,
      "locked": {
        "lastModified": 1737827726,
        "narHash": "sha256-e1sAPNM4nYnbVNF9RulTI0ZGoj8bilRTjdYw5v3PmXs=",
        "owner": "homebrew",
        "repo": "homebrew-core",
        "rev": "70d1ab8e31c217811ec4149b620e63a7cf63e936",
        "type": "github"
      },
      "original": {
        "owner": "homebrew",
        "repo": "homebrew-core",
        "type": "github"
      }
    },
    "homebrew-ssh-askpass": {
      "flake": false,
      "locked": {
        "lastModified": 1733921657,
        "narHash": "sha256-o4Alucmh6s2ZWuTPr0E+cmr+859xgeQ1RHgHKCu3+1k=",
        "owner": "theseal",
        "repo": "homebrew-ssh-askpass",
        "rev": "1fc55f5aa614ed21240822275928970df88a4470",
        "type": "github"
      },
      "original": {
        "owner": "theseal",
        "repo": "homebrew-ssh-askpass",
        "type": "github"
      }
    },
    "homebrew-zkondor": {
      "flake": false,
      "locked": {
        "lastModified": 1685259748,
        "narHash": "sha256-g8vMq/Bn8AcDTviJhsxT28CjlJelbENvZ0C9XqRnuA0=",
        "owner": "zkondor",
        "repo": "homebrew-dist",
        "rev": "439f789a52c28013ac07f54cdb118b77753445fc",
        "type": "github"
      },
      "original": {
        "owner": "zkondor",
        "repo": "homebrew-dist",
        "type": "github"
      }
    },
    "nix-darwin": {
      "inputs": {
        "nixpkgs": [
          "nixpkgs"
        ]
      },
      "locked": {
        "lastModified": 1737504076,
        "narHash": "sha256-/B4XJnzYU/6K1ZZOBIgsa3K4pqDJrnC2579c44c+4rI=",
        "owner": "LnL7",
        "repo": "nix-darwin",
        "rev": "65cc1fa8e36ceff067daf6cfb142331f02f524d3",
        "type": "github"
      },
      "original": {
        "owner": "LnL7",
        "ref": "master",
        "repo": "nix-darwin",
        "type": "github"
      }
    },
    "nix-homebrew": {
      "inputs": {
        "brew-src": "brew-src",
        "nix-darwin": [
          "nix-darwin"
        ],
        "nixpkgs": [
          "nixpkgs"
        ]
      },
      "locked": {
        "lastModified": 1736041957,
        "narHash": "sha256-Kk/cVtkxwfHNoB6nINUarMLTtyAEvH+ohzxKBptMzzg=",
        "owner": "zhaofengli-wip",
        "repo": "nix-homebrew",
        "rev": "a6d99cc7436fc18c097b3536d9c45c0548c694c8",
        "type": "github"
      },
      "original": {
        "owner": "zhaofengli-wip",
        "repo": "nix-homebrew",
        "type": "github"
      }
    },
    "nix-index-database": {
      "inputs": {
        "nixpkgs": [
          "nixpkgs"
        ]
      },
      "locked": {
        "lastModified": 1737257306,
        "narHash": "sha256-lEGgpA4kGafc76+Amnz+gh1L/cwUS2pePFlf22WEyh8=",
        "owner": "Mic92",
        "repo": "nix-index-database",
        "rev": "744d330659e207a1883d2da0141d35e520eb87bd",
        "type": "github"
      },
      "original": {
        "owner": "Mic92",
        "repo": "nix-index-database",
        "type": "github"
      }
    },
    "nixos-hardware": {
      "locked": {
        "lastModified": 1737751639,
        "narHash": "sha256-ZEbOJ9iT72iwqXsiEMbEa8wWjyFvRA9Ugx8utmYbpz4=",
        "owner": "nixos",
        "repo": "nixos-hardware",
        "rev": "dfad538f751a5aa5d4436d9781ab27a6128ec9d4",
        "type": "github"
      },
      "original": {
        "owner": "nixos",
        "repo": "nixos-hardware",
        "type": "github"
      }
    },
    "nixpkgs": {
      "locked": {
        "lastModified": 1703013332,
        "narHash": "sha256-+tFNwMvlXLbJZXiMHqYq77z/RfmpfpiI3yjL6o/Zo9M=",
        "owner": "NixOS",
        "repo": "nixpkgs",
        "rev": "54aac082a4d9bb5bbc5c4e899603abfb76a3f6d6",
        "type": "github"
      },
      "original": {
        "owner": "NixOS",
        "ref": "nixos-unstable",
        "repo": "nixpkgs",
        "type": "github"
      }
    },
    "nixpkgs_2": {
      "locked": {
        "lastModified": 1736012469,
        "narHash": "sha256-/qlNWm/IEVVH7GfgAIyP6EsVZI6zjAx1cV5zNyrs+rI=",
        "owner": "NixOS",
        "repo": "nixpkgs",
        "rev": "8f3e1f807051e32d8c95cd12b9b421623850a34d",
        "type": "github"
      },
      "original": {
        "owner": "NixOS",
        "ref": "nixos-unstable",
        "repo": "nixpkgs",
        "type": "github"
      }
    },
    "nixpkgs_3": {
      "locked": {
        "lastModified": 1737556089,
        "narHash": "sha256-hToO01UT2ENoQKWVopBuGV78ZprcxjqsPVFdddcynj4=",
        "owner": "NixOS",
        "repo": "nixpkgs",
        "rev": "2fc5aeb049f44ed4f9e877cda8a1c334612e1d7a",
        "type": "github"
      },
      "original": {
        "owner": "NixOS",
        "ref": "nixos-unstable-small",
        "repo": "nixpkgs",
        "type": "github"
      }
    },
    "root": {
      "inputs": {
        "agenix": "agenix",
        "blueprint": "blueprint",
        "catppuccin": "catppuccin",
        "disko": "disko",
        "home-manager": "home-manager_2",
        "homebrew-bundle": "homebrew-bundle",
        "homebrew-cask": "homebrew-cask",
        "homebrew-core": "homebrew-core",
        "homebrew-ssh-askpass": "homebrew-ssh-askpass",
        "homebrew-zkondor": "homebrew-zkondor",
        "nix-darwin": "nix-darwin",
        "nix-homebrew": "nix-homebrew",
        "nix-index-database": "nix-index-database",
        "nixos-hardware": "nixos-hardware",
        "nixpkgs": [
          "srvos",
          "nixpkgs"
        ],
        "secrets": "secrets",
        "srvos": "srvos"
      }
    },
    "secrets": {
      "flake": false,
      "locked": {
        "lastModified": 1731953635,
        "narHash": "sha256-6nYxQclOok1Ob1LIGLZ7QEWjxJm0T7g3Dt9RPmYL8ug=",
        "ref": "refs/heads/main",
        "rev": "67e40095611ffae2fd32d3fbde54f5a715fb7809",
        "revCount": 27,
        "type": "git",
        "url": "ssh://git@github.com/multivac61/nix-secrets.git"
      },
      "original": {
        "type": "git",
        "url": "ssh://git@github.com/multivac61/nix-secrets.git"
      }
    },
    "srvos": {
      "inputs": {
        "nixpkgs": "nixpkgs_3"
      },
      "locked": {
        "lastModified": 1737673068,
        "narHash": "sha256-j1f1LsgjSrE4X1dMx0FncagOHGnqY5BJJoSkzYWPbeg=",
        "owner": "nix-community",
        "repo": "srvos",
        "rev": "1910ec7346df1f6e1d2536c42c380c9a9ae58765",
        "type": "github"
      },
      "original": {
        "owner": "nix-community",
        "repo": "srvos",
        "type": "github"
      }
    },
    "systems": {
      "locked": {
        "lastModified": 1681028828,
        "narHash": "sha256-Vy1rq5AaRuLzOxct8nz4T6wlgyUR7zLU309k9mBC768=",
        "owner": "nix-systems",
        "repo": "default",
        "rev": "da67096a3b9bf56a91d16901293e51ba5b49a27e",
        "type": "github"
      },
      "original": {
        "owner": "nix-systems",
        "repo": "default",
        "type": "github"
      }
    },
    "systems_2": {
      "locked": {
        "lastModified": 1681028828,
        "narHash": "sha256-Vy1rq5AaRuLzOxct8nz4T6wlgyUR7zLU309k9mBC768=",
        "owner": "nix-systems",
        "repo": "default",
        "rev": "da67096a3b9bf56a91d16901293e51ba5b49a27e",
        "type": "github"
      },
      "original": {
        "owner": "nix-systems",
        "repo": "default",
        "type": "github"
      }
    }
  },
  "root": "root",
  "version": 7
}
