{
  "nodes": {
    "agenix": {
      "inputs": {
        "darwin": "darwin",
        "home-manager": "home-manager",
        "nixpkgs": "nixpkgs",
        "systems": "systems"
      },
      "locked": {
        "lastModified": 1736955230,
        "narHash": "sha256-uenf8fv2eG5bKM8C/UvFaiJMZ4IpUFaQxk9OH5t/1gA=",
        "owner": "ryantm",
        "repo": "agenix",
        "rev": "e600439ec4c273cf11e06fe4d9d906fb98fa097c",
        "type": "github"
      },
      "original": {
        "owner": "ryantm",
        "repo": "agenix",
        "type": "github"
      }
    },
    "blueprint": {
      "inputs": {
        "nixpkgs": [
          "nixpkgs"
        ],
        "systems": "systems_2"
      },
      "locked": {
        "lastModified": 1738791180,
        "narHash": "sha256-LVMXVDclRvcC16z08F/slIZikbycYPlLhXmXODfhl44=",
        "owner": "numtide",
        "repo": "blueprint",
        "rev": "6044c5c664f3d5c67c8ee7b1f9d9f0539d878b96",
        "type": "github"
      },
      "original": {
        "owner": "numtide",
        "repo": "blueprint",
        "type": "github"
      }
    },
    "brew-src": {
      "flake": false,
      "locked": {
        "lastModified": 1731323744,
        "narHash": "sha256-SxUQm4cTHcaoPQHoXe26ZV8cZiMWBGow8MjE4L+MckM=",
        "owner": "Homebrew",
        "repo": "brew",
        "rev": "254bf3fe9d8fa2e1b2fb55dbcf535b2d870180c4",
        "type": "github"
      },
      "original": {
        "owner": "Homebrew",
        "ref": "4.4.5",
        "repo": "brew",
        "type": "github"
      }
    },
    "catppuccin": {
      "inputs": {
        "nixpkgs": "nixpkgs_2"
      },
      "locked": {
        "lastModified": 1739283129,
        "narHash": "sha256-GXJllf1wY7tOF6uei9S3PnSEghFbnJP1vkxM0kkMOoI=",
        "owner": "catppuccin",
        "repo": "nix",
        "rev": "d4e258e29075a86a82dacaf4f5e0985935ae4658",
        "type": "github"
      },
      "original": {
        "owner": "catppuccin",
        "repo": "nix",
        "type": "github"
      }
    },
    "darwin": {
      "inputs": {
        "nixpkgs": [
          "agenix",
          "nixpkgs"
        ]
      },
      "locked": {
        "lastModified": 1700795494,
        "narHash": "sha256-gzGLZSiOhf155FW7262kdHo2YDeugp3VuIFb4/GGng0=",
        "owner": "lnl7",
        "repo": "nix-darwin",
        "rev": "4b9b83d5a92e8c1fbfd8eb27eda375908c11ec4d",
        "type": "github"
      },
      "original": {
        "owner": "lnl7",
        "ref": "master",
        "repo": "nix-darwin",
        "type": "github"
      }
    },
    "disko": {
      "inputs": {
        "nixpkgs": [
          "nixpkgs"
        ]
      },
      "locked": {
        "lastModified": 1738765162,
        "narHash": "sha256-3Z40qHaFScWUCVQrGc4Y+RdoPsh1R/wIh+AN4cTXP0I=",
        "owner": "nix-community",
        "repo": "disko",
        "rev": "ff3568858c54bd306e9e1f2886f0f781df307dff",
        "type": "github"
      },
      "original": {
        "owner": "nix-community",
        "repo": "disko",
        "type": "github"
      }
    },
    "home-manager": {
      "inputs": {
        "nixpkgs": [
          "agenix",
          "nixpkgs"
        ]
      },
      "locked": {
        "lastModified": 1703113217,
        "narHash": "sha256-7ulcXOk63TIT2lVDSExj7XzFx09LpdSAPtvgtM7yQPE=",
        "owner": "nix-community",
        "repo": "home-manager",
        "rev": "3bfaacf46133c037bb356193bd2f1765d9dc82c1",
        "type": "github"
      },
      "original": {
        "owner": "nix-community",
        "repo": "home-manager",
        "type": "github"
      }
    },
    "home-manager_2": {
      "inputs": {
        "nixpkgs": [
          "nixpkgs"
        ]
      },
      "locked": {
        "lastModified": 1739314552,
        "narHash": "sha256-ggVf2BclyIW3jexc/uvgsgJH4e2cuG6Nyg54NeXgbFI=",
        "owner": "nix-community",
        "repo": "home-manager",
        "rev": "83bd3a26ac0526ae04fa74df46738bb44b89dcdd",
        "type": "github"
      },
      "original": {
        "owner": "nix-community",
        "repo": "home-manager",
        "type": "github"
      }
    },
    "homebrew-bundle": {
      "flake": false,
      "locked": {
        "lastModified": 1739315194,
        "narHash": "sha256-D5wPTM9nor7BEvo4M4AscBx0Dv8J49MB1VP2VBWPtao=",
        "owner": "homebrew",
        "repo": "homebrew-bundle",
        "rev": "e54396290718f20e626ab6f2ab36b58100981bf4",
        "type": "github"
      },
      "original": {
        "owner": "homebrew",
        "repo": "homebrew-bundle",
        "type": "github"
      }
    },
    "homebrew-cask": {
      "flake": false,
      "locked": {
        "lastModified": 1739369724,
        "narHash": "sha256-ZIRDlSawOMKaFdSP+lyczA0u/Tp0l5ClYnUmCaeYS6w=",
        "owner": "homebrew",
        "repo": "homebrew-cask",
        "rev": "2d867f09dac543391cd325b31f35d0be3fede452",
        "type": "github"
      },
      "original": {
        "owner": "homebrew",
        "repo": "homebrew-cask",
        "type": "github"
      }
    },
    "homebrew-core": {
      "flake": false,
      "locked": {
        "lastModified": 1739370295,
        "narHash": "sha256-Pp6yN1irHmA+p9r05flkcHOmJAnICTtwLqEqgsNYzvI=",
        "owner": "homebrew",
        "repo": "homebrew-core",
        "rev": "c1a4318409931d453d43ae37c5d5d1b629ac0891",
        "type": "github"
      },
      "original": {
        "owner": "homebrew",
        "repo": "homebrew-core",
        "type": "github"
      }
    },
    "homebrew-ssh-askpass": {
      "flake": false,
      "locked": {
        "lastModified": 1733921657,
        "narHash": "sha256-o4Alucmh6s2ZWuTPr0E+cmr+859xgeQ1RHgHKCu3+1k=",
        "owner": "theseal",
        "repo": "homebrew-ssh-askpass",
        "rev": "1fc55f5aa614ed21240822275928970df88a4470",
        "type": "github"
      },
      "original": {
        "owner": "theseal",
        "repo": "homebrew-ssh-askpass",
        "type": "github"
      }
    },
    "homebrew-zkondor": {
      "flake": false,
      "locked": {
        "lastModified": 1685259748,
        "narHash": "sha256-g8vMq/Bn8AcDTviJhsxT28CjlJelbENvZ0C9XqRnuA0=",
        "owner": "zkondor",
        "repo": "homebrew-dist",
        "rev": "439f789a52c28013ac07f54cdb118b77753445fc",
        "type": "github"
      },
      "original": {
        "owner": "zkondor",
        "repo": "homebrew-dist",
        "type": "github"
      }
    },
    "mvim": {
      "flake": false,
      "locked": {
        "lastModified": 1739355343,
        "narHash": "sha256-9wDzBZYAuPMlcX87vSqAP1X5Cjqeew7DmK8DHzjbFwo=",
        "owner": "multivac61",
        "repo": "mvim",
        "rev": "fadb62f70aaade555195d0ce11861f3d5f95ff91",
        "type": "github"
      },
      "original": {
        "owner": "multivac61",
        "repo": "mvim",
        "type": "github"
      }
    },
    "nix-darwin": {
      "inputs": {
        "nixpkgs": [
          "nixpkgs"
        ]
      },
      "locked": {
        "lastModified": 1739302241,
        "narHash": "sha256-NXQXFU6HOschZ+8ZKrNOlwlHelez8vPl+dCiUaJ82/U=",
        "owner": "LnL7",
        "repo": "nix-darwin",
        "rev": "a6746213b138fe7add88b19bafacd446de574ca7",
        "type": "github"
      },
      "original": {
        "owner": "LnL7",
        "ref": "master",
        "repo": "nix-darwin",
        "type": "github"
      }
    },
    "nix-homebrew": {
      "inputs": {
        "brew-src": "brew-src",
        "nix-darwin": [
          "nix-darwin"
        ],
        "nixpkgs": [
          "nixpkgs"
        ]
      },
      "locked": {
        "lastModified": 1736041957,
        "narHash": "sha256-Kk/cVtkxwfHNoB6nINUarMLTtyAEvH+ohzxKBptMzzg=",
        "owner": "zhaofengli-wip",
        "repo": "nix-homebrew",
        "rev": "a6d99cc7436fc18c097b3536d9c45c0548c694c8",
        "type": "github"
      },
      "original": {
        "owner": "zhaofengli-wip",
        "repo": "nix-homebrew",
        "type": "github"
      }
    },
    "nix-index-database": {
      "inputs": {
        "nixpkgs": [
          "nixpkgs"
        ]
      },
      "locked": {
        "lastModified": 1739071773,
        "narHash": "sha256-/Ak+Quinhmdxa9m3shjm4lwwwqmzG8zzGhhhhgR1k9I=",
        "owner": "Mic92",
        "repo": "nix-index-database",
        "rev": "895d81b6228bbd50a6ef22f5a58a504ca99763ea",
        "type": "github"
      },
      "original": {
        "owner": "Mic92",
        "repo": "nix-index-database",
        "type": "github"
      }
    },
    "nixos-hardware": {
      "locked": {
        "lastModified": 1738816619,
        "narHash": "sha256-5yRlg48XmpcX5b5HesdGMOte+YuCy9rzQkJz+imcu6I=",
        "owner": "nixos",
        "repo": "nixos-hardware",
        "rev": "2eccff41bab80839b1d25b303b53d339fbb07087",
        "type": "github"
      },
      "original": {
        "owner": "nixos",
        "repo": "nixos-hardware",
        "type": "github"
      }
    },
    "nixpkgs": {
      "locked": {
        "lastModified": 1703013332,
        "narHash": "sha256-+tFNwMvlXLbJZXiMHqYq77z/RfmpfpiI3yjL6o/Zo9M=",
        "owner": "NixOS",
        "repo": "nixpkgs",
        "rev": "54aac082a4d9bb5bbc5c4e899603abfb76a3f6d6",
        "type": "github"
      },
      "original": {
        "owner": "NixOS",
        "ref": "nixos-unstable",
        "repo": "nixpkgs",
        "type": "github"
      }
    },
    "nixpkgs_2": {
      "locked": {
        "lastModified": 1736012469,
        "narHash": "sha256-/qlNWm/IEVVH7GfgAIyP6EsVZI6zjAx1cV5zNyrs+rI=",
        "owner": "NixOS",
        "repo": "nixpkgs",
        "rev": "8f3e1f807051e32d8c95cd12b9b421623850a34d",
        "type": "github"
      },
      "original": {
        "owner": "NixOS",
        "ref": "nixos-unstable",
        "repo": "nixpkgs",
        "type": "github"
      }
    },
    "nixpkgs_3": {
      "locked": {
        "lastModified": 1739097848,
        "narHash": "sha256-bbdQB0Y4mB2msqbyQ9QC+YPDZGt1evUK53AwQSyShHM=",
        "owner": "NixOS",
        "repo": "nixpkgs",
        "rev": "9a0b855695c31ea653181b742c65e026bada3881",
        "type": "github"
      },
      "original": {
        "owner": "NixOS",
        "ref": "nixos-unstable-small",
        "repo": "nixpkgs",
        "type": "github"
      }
    },
    "root": {
      "inputs": {
        "agenix": "agenix",
        "blueprint": "blueprint",
        "catppuccin": "catppuccin",
        "disko": "disko",
        "home-manager": "home-manager_2",
        "homebrew-bundle": "homebrew-bundle",
        "homebrew-cask": "homebrew-cask",
        "homebrew-core": "homebrew-core",
        "homebrew-ssh-askpass": "homebrew-ssh-askpass",
        "homebrew-zkondor": "homebrew-zkondor",
        "mvim": "mvim",
        "nix-darwin": "nix-darwin",
        "nix-homebrew": "nix-homebrew",
        "nix-index-database": "nix-index-database",
        "nixos-hardware": "nixos-hardware",
        "nixpkgs": [
          "srvos",
          "nixpkgs"
        ],
        "secrets": "secrets",
        "srvos": "srvos"
      }
    },
    "secrets": {
      "flake": false,
      "locked": {
        "lastModified": 1738879861,
        "narHash": "sha256-PNTcH3Nz0Y0WJu6p3br+I3oSUfDRUGNVg2V/DJJphJo=",
        "ref": "refs/heads/main",
        "rev": "a8103a514ab7f695ed2e07868845041ad11d0248",
        "revCount": 28,
        "type": "git",
        "url": "ssh://git@github.com/multivac61/nix-secrets.git"
      },
      "original": {
        "type": "git",
        "url": "ssh://git@github.com/multivac61/nix-secrets.git"
      }
    },
    "srvos": {
      "inputs": {
        "nixpkgs": "nixpkgs_3"
      },
      "locked": {
        "lastModified": 1739149457,
        "narHash": "sha256-777RrYhdblwYBDruc5xaRdheTGyBMOdjcJmc67d98es=",
        "owner": "nix-community",
        "repo": "srvos",
        "rev": "8e257cc0810b5aa0f1a8841d8bdbb10eda07ae16",
        "type": "github"
      },
      "original": {
        "owner": "nix-community",
        "repo": "srvos",
        "type": "github"
      }
    },
    "systems": {
      "locked": {
        "lastModified": 1681028828,
        "narHash": "sha256-Vy1rq5AaRuLzOxct8nz4T6wlgyUR7zLU309k9mBC768=",
        "owner": "nix-systems",
        "repo": "default",
        "rev": "da67096a3b9bf56a91d16901293e51ba5b49a27e",
        "type": "github"
      },
      "original": {
        "owner": "nix-systems",
        "repo": "default",
        "type": "github"
      }
    },
    "systems_2": {
      "locked": {
        "lastModified": 1681028828,
        "narHash": "sha256-Vy1rq5AaRuLzOxct8nz4T6wlgyUR7zLU309k9mBC768=",
        "owner": "nix-systems",
        "repo": "default",
        "rev": "da67096a3b9bf56a91d16901293e51ba5b49a27e",
        "type": "github"
      },
      "original": {
        "owner": "nix-systems",
        "repo": "default",
        "type": "github"
      }
    }
  },
  "root": "root",
  "version": 7
}
